// !$*UTF8*$!
{
	archiveVersion = 1;
	classes = {
	};
	objectVersion = 55;
	objects = {

/* Begin PBXBuildFile section */
		D1096008282A083E009CCB88 /* AppDelegate.swift in Sources */ = {isa = PBXBuildFile; fileRef = D1096007282A083E009CCB88 /* AppDelegate.swift */; };
		D109600A282A083E009CCB88 /* SceneDelegate.swift in Sources */ = {isa = PBXBuildFile; fileRef = D1096009282A083E009CCB88 /* SceneDelegate.swift */; };
		D109600C282A083E009CCB88 /* HomeViewController.swift in Sources */ = {isa = PBXBuildFile; fileRef = D109600B282A083E009CCB88 /* HomeViewController.swift */; };
		D109600F282A083E009CCB88 /* Main.storyboard in Resources */ = {isa = PBXBuildFile; fileRef = D109600D282A083E009CCB88 /* Main.storyboard */; };
		D1096011282A0843009CCB88 /* Assets.xcassets in Resources */ = {isa = PBXBuildFile; fileRef = D1096010282A0843009CCB88 /* Assets.xcassets */; };
		D1096014282A0843009CCB88 /* LaunchScreen.storyboard in Resources */ = {isa = PBXBuildFile; fileRef = D1096012282A0843009CCB88 /* LaunchScreen.storyboard */; };
		D1096020282A0A80009CCB88 /* Users.json in Resources */ = {isa = PBXBuildFile; fileRef = D109601F282A0A80009CCB88 /* Users.json */; };
		D1096022282A147B009CCB88 /* LoginViewController.swift in Sources */ = {isa = PBXBuildFile; fileRef = D1096021282A147B009CCB88 /* LoginViewController.swift */; };
		D1096024282A4072009CCB88 /* UIViewController+extension.swift in Sources */ = {isa = PBXBuildFile; fileRef = D1096023282A4072009CCB88 /* UIViewController+extension.swift */; };
		D1096028282A4E1E009CCB88 /* Client.swift in Sources */ = {isa = PBXBuildFile; fileRef = D1096027282A4E1E009CCB88 /* Client.swift */; };
		D109602A282A5412009CCB88 /* UserModel.swift in Sources */ = {isa = PBXBuildFile; fileRef = D1096029282A5412009CCB88 /* UserModel.swift */; };
		D11FB056282CA2D700EB44F1 /* UIView+extension.swift in Sources */ = {isa = PBXBuildFile; fileRef = D11FB055282CA2D700EB44F1 /* UIView+extension.swift */; };
		D11FB058282CB1A700EB44F1 /* MovieCollectionViewCell.swift in Sources */ = {isa = PBXBuildFile; fileRef = D11FB057282CB1A700EB44F1 /* MovieCollectionViewCell.swift */; };
		D11FB05A282CBCE500EB44F1 /* UIImageView+extension.swift in Sources */ = {isa = PBXBuildFile; fileRef = D11FB059282CBCE500EB44F1 /* UIImageView+extension.swift */; };
		D17B9A2B282C3FEC001ADE5B /* MovieAppManager.swift in Sources */ = {isa = PBXBuildFile; fileRef = D17B9A2A282C3FEC001ADE5B /* MovieAppManager.swift */; };
		D17B9A2D282C400A001ADE5B /* MovieModel.swift in Sources */ = {isa = PBXBuildFile; fileRef = D17B9A2C282C400A001ADE5B /* MovieModel.swift */; };
		D1A47B88282D74ED00634FDD /* LoginViewModel.swift in Sources */ = {isa = PBXBuildFile; fileRef = D1A47B87282D74ED00634FDD /* LoginViewModel.swift */; };
		D1A47B8A282D7A2C00634FDD /* MovieViewModel.swift in Sources */ = {isa = PBXBuildFile; fileRef = D1A47B89282D7A2C00634FDD /* MovieViewModel.swift */; };
		D1A47B8C282D84B800634FDD /* HomeViewModel.swift in Sources */ = {isa = PBXBuildFile; fileRef = D1A47B8B282D84B800634FDD /* HomeViewModel.swift */; };
		D1A47B8E282DAF0B00634FDD /* UserProfileViewController.swift in Sources */ = {isa = PBXBuildFile; fileRef = D1A47B8D282DAF0B00634FDD /* UserProfileViewController.swift */; };
		D1A47B90282DBD5800634FDD /* UserViewModel.swift in Sources */ = {isa = PBXBuildFile; fileRef = D1A47B8F282DBD5800634FDD /* UserViewModel.swift */; };
		D1A47B92282DC6B100634FDD /* UserManager.swift in Sources */ = {isa = PBXBuildFile; fileRef = D1A47B91282DC6B000634FDD /* UserManager.swift */; };
		D1A47B942834104600634FDD /* DetailsViewModel.swift in Sources */ = {isa = PBXBuildFile; fileRef = D1A47B932834104600634FDD /* DetailsViewModel.swift */; };
		D1A47B9728342E2600634FDD /* DetailModel.swift in Sources */ = {isa = PBXBuildFile; fileRef = D1A47B9628342E2600634FDD /* DetailModel.swift */; };
		D1A47B992834316100634FDD /* MovieDetailViewController.swift in Sources */ = {isa = PBXBuildFile; fileRef = D1A47B982834316100634FDD /* MovieDetailViewController.swift */; };
		D1A47B9F2834F55200634FDD /* BrandCell.swift in Sources */ = {isa = PBXBuildFile; fileRef = D1A47B9E2834F55200634FDD /* BrandCell.swift */; };
/* End PBXBuildFile section */

/* Begin PBXFileReference section */
		D1096004282A083E009CCB88 /* theMovieDB.app */ = {isa = PBXFileReference; explicitFileType = wrapper.application; includeInIndex = 0; path = theMovieDB.app; sourceTree = BUILT_PRODUCTS_DIR; };
		D1096007282A083E009CCB88 /* AppDelegate.swift */ = {isa = PBXFileReference; lastKnownFileType = sourcecode.swift; path = AppDelegate.swift; sourceTree = "<group>"; };
		D1096009282A083E009CCB88 /* SceneDelegate.swift */ = {isa = PBXFileReference; lastKnownFileType = sourcecode.swift; path = SceneDelegate.swift; sourceTree = "<group>"; };
		D109600B282A083E009CCB88 /* HomeViewController.swift */ = {isa = PBXFileReference; lastKnownFileType = sourcecode.swift; path = HomeViewController.swift; sourceTree = "<group>"; };
		D109600E282A083E009CCB88 /* Base */ = {isa = PBXFileReference; lastKnownFileType = file.storyboard; name = Base; path = Base.lproj/Main.storyboard; sourceTree = "<group>"; };
		D1096010282A0843009CCB88 /* Assets.xcassets */ = {isa = PBXFileReference; lastKnownFileType = folder.assetcatalog; path = Assets.xcassets; sourceTree = "<group>"; };
		D1096013282A0843009CCB88 /* Base */ = {isa = PBXFileReference; lastKnownFileType = file.storyboard; name = Base; path = Base.lproj/LaunchScreen.storyboard; sourceTree = "<group>"; };
		D1096015282A0843009CCB88 /* Info.plist */ = {isa = PBXFileReference; lastKnownFileType = text.plist.xml; path = Info.plist; sourceTree = "<group>"; };
		D109601F282A0A80009CCB88 /* Users.json */ = {isa = PBXFileReference; lastKnownFileType = text.json; path = Users.json; sourceTree = "<group>"; };
		D1096021282A147B009CCB88 /* LoginViewController.swift */ = {isa = PBXFileReference; lastKnownFileType = sourcecode.swift; path = LoginViewController.swift; sourceTree = "<group>"; };
		D1096023282A4072009CCB88 /* UIViewController+extension.swift */ = {isa = PBXFileReference; lastKnownFileType = sourcecode.swift; path = "UIViewController+extension.swift"; sourceTree = "<group>"; };
		D1096027282A4E1E009CCB88 /* Client.swift */ = {isa = PBXFileReference; lastKnownFileType = sourcecode.swift; path = Client.swift; sourceTree = "<group>"; };
		D1096029282A5412009CCB88 /* UserModel.swift */ = {isa = PBXFileReference; lastKnownFileType = sourcecode.swift; path = UserModel.swift; sourceTree = "<group>"; };
		D11FB055282CA2D700EB44F1 /* UIView+extension.swift */ = {isa = PBXFileReference; lastKnownFileType = sourcecode.swift; path = "UIView+extension.swift"; sourceTree = "<group>"; };
		D11FB057282CB1A700EB44F1 /* MovieCollectionViewCell.swift */ = {isa = PBXFileReference; lastKnownFileType = sourcecode.swift; path = MovieCollectionViewCell.swift; sourceTree = "<group>"; };
		D11FB059282CBCE500EB44F1 /* UIImageView+extension.swift */ = {isa = PBXFileReference; lastKnownFileType = sourcecode.swift; path = "UIImageView+extension.swift"; sourceTree = "<group>"; };
		D17B9A2A282C3FEC001ADE5B /* MovieAppManager.swift */ = {isa = PBXFileReference; lastKnownFileType = sourcecode.swift; path = MovieAppManager.swift; sourceTree = "<group>"; };
		D17B9A2C282C400A001ADE5B /* MovieModel.swift */ = {isa = PBXFileReference; lastKnownFileType = sourcecode.swift; path = MovieModel.swift; sourceTree = "<group>"; };
		D1A47B87282D74ED00634FDD /* LoginViewModel.swift */ = {isa = PBXFileReference; lastKnownFileType = sourcecode.swift; path = LoginViewModel.swift; sourceTree = "<group>"; };
		D1A47B89282D7A2C00634FDD /* MovieViewModel.swift */ = {isa = PBXFileReference; lastKnownFileType = sourcecode.swift; path = MovieViewModel.swift; sourceTree = "<group>"; };
		D1A47B8B282D84B800634FDD /* HomeViewModel.swift */ = {isa = PBXFileReference; lastKnownFileType = sourcecode.swift; path = HomeViewModel.swift; sourceTree = "<group>"; };
		D1A47B8D282DAF0B00634FDD /* UserProfileViewController.swift */ = {isa = PBXFileReference; lastKnownFileType = sourcecode.swift; path = UserProfileViewController.swift; sourceTree = "<group>"; };
		D1A47B8F282DBD5800634FDD /* UserViewModel.swift */ = {isa = PBXFileReference; lastKnownFileType = sourcecode.swift; path = UserViewModel.swift; sourceTree = "<group>"; };
		D1A47B91282DC6B000634FDD /* UserManager.swift */ = {isa = PBXFileReference; lastKnownFileType = sourcecode.swift; path = UserManager.swift; sourceTree = "<group>"; };
		D1A47B932834104600634FDD /* DetailsViewModel.swift */ = {isa = PBXFileReference; lastKnownFileType = sourcecode.swift; path = DetailsViewModel.swift; sourceTree = "<group>"; };
		D1A47B9628342E2600634FDD /* DetailModel.swift */ = {isa = PBXFileReference; lastKnownFileType = sourcecode.swift; path = DetailModel.swift; sourceTree = "<group>"; };
		D1A47B982834316100634FDD /* MovieDetailViewController.swift */ = {isa = PBXFileReference; lastKnownFileType = sourcecode.swift; path = MovieDetailViewController.swift; sourceTree = "<group>"; };
		D1A47B9E2834F55200634FDD /* BrandCell.swift */ = {isa = PBXFileReference; lastKnownFileType = sourcecode.swift; path = BrandCell.swift; sourceTree = "<group>"; };
/* End PBXFileReference section */

/* Begin PBXFrameworksBuildPhase section */
		D1096001282A083E009CCB88 /* Frameworks */ = {
			isa = PBXFrameworksBuildPhase;
			buildActionMask = 2147483647;
			files = (
			);
			runOnlyForDeploymentPostprocessing = 0;
		};
/* End PBXFrameworksBuildPhase section */

/* Begin PBXGroup section */
		D1095FFB282A083E009CCB88 = {
			isa = PBXGroup;
			children = (
				D1096006282A083E009CCB88 /* theMovieDB */,
				D1096005282A083E009CCB88 /* Products */,
			);
			sourceTree = "<group>";
		};
		D1096005282A083E009CCB88 /* Products */ = {
			isa = PBXGroup;
			children = (
				D1096004282A083E009CCB88 /* theMovieDB.app */,
			);
			name = Products;
			sourceTree = "<group>";
		};
		D1096006282A083E009CCB88 /* theMovieDB */ = {
			isa = PBXGroup;
			children = (
				D109601E282A0962009CCB88 /* Mocks */,
				D11FB05B282D63D300EB44F1 /* Login */,
				D11FB060282D648F00EB44F1 /* Home */,
				D1A47B9A2834806D00634FDD /* DetailMovie */,
				D1096026282A4E07009CCB88 /* Network */,
				D1096025282A4C4C009CCB88 /* Utils */,
				D1096007282A083E009CCB88 /* AppDelegate.swift */,
				D1096009282A083E009CCB88 /* SceneDelegate.swift */,
				D109600D282A083E009CCB88 /* Main.storyboard */,
				D1096010282A0843009CCB88 /* Assets.xcassets */,
				D1096012282A0843009CCB88 /* LaunchScreen.storyboard */,
				D1096015282A0843009CCB88 /* Info.plist */,
			);
			path = theMovieDB;
			sourceTree = "<group>";
		};
		D109601E282A0962009CCB88 /* Mocks */ = {
			isa = PBXGroup;
			children = (
				D109601F282A0A80009CCB88 /* Users.json */,
			);
			path = Mocks;
			sourceTree = "<group>";
		};
		D1096025282A4C4C009CCB88 /* Utils */ = {
			isa = PBXGroup;
			children = (
				D1096023282A4072009CCB88 /* UIViewController+extension.swift */,
				D11FB055282CA2D700EB44F1 /* UIView+extension.swift */,
				D11FB059282CBCE500EB44F1 /* UIImageView+extension.swift */,
				D1A47B91282DC6B000634FDD /* UserManager.swift */,
			);
			path = Utils;
			sourceTree = "<group>";
		};
		D1096026282A4E07009CCB88 /* Network */ = {
			isa = PBXGroup;
			children = (
				D1096027282A4E1E009CCB88 /* Client.swift */,
				D17B9A2A282C3FEC001ADE5B /* MovieAppManager.swift */,
			);
			path = Network;
			sourceTree = "<group>";
		};
		D11FB05B282D63D300EB44F1 /* Login */ = {
			isa = PBXGroup;
			children = (
				D11FB05C282D63F100EB44F1 /* Model */,
				D11FB05D282D640300EB44F1 /* View */,
				D11FB05E282D640900EB44F1 /* ViewModel */,
			);
			path = Login;
			sourceTree = "<group>";
		};
		D11FB05C282D63F100EB44F1 /* Model */ = {
			isa = PBXGroup;
			children = (
				D1096029282A5412009CCB88 /* UserModel.swift */,
			);
			path = Model;
			sourceTree = "<group>";
		};
		D11FB05D282D640300EB44F1 /* View */ = {
			isa = PBXGroup;
			children = (
				D1096021282A147B009CCB88 /* LoginViewController.swift */,
			);
			path = View;
			sourceTree = "<group>";
		};
		D11FB05E282D640900EB44F1 /* ViewModel */ = {
			isa = PBXGroup;
			children = (
				D1A47B87282D74ED00634FDD /* LoginViewModel.swift */,
			);
			path = ViewModel;
			sourceTree = "<group>";
		};
		D11FB060282D648F00EB44F1 /* Home */ = {
			isa = PBXGroup;
			children = (
				D11FB062282D64EF00EB44F1 /* Model */,
				D11FB061282D64D800EB44F1 /* View */,
				D11FB063282D64F600EB44F1 /* ViewModel */,
			);
			path = Home;
			sourceTree = "<group>";
		};
		D11FB061282D64D800EB44F1 /* View */ = {
			isa = PBXGroup;
			children = (
				D109600B282A083E009CCB88 /* HomeViewController.swift */,
				D11FB057282CB1A700EB44F1 /* MovieCollectionViewCell.swift */,
				D1A47B8D282DAF0B00634FDD /* UserProfileViewController.swift */,
			);
			path = View;
			sourceTree = "<group>";
		};
		D11FB062282D64EF00EB44F1 /* Model */ = {
			isa = PBXGroup;
			children = (
				D17B9A2C282C400A001ADE5B /* MovieModel.swift */,
			);
			path = Model;
			sourceTree = "<group>";
		};
		D11FB063282D64F600EB44F1 /* ViewModel */ = {
			isa = PBXGroup;
			children = (
				D1A47B89282D7A2C00634FDD /* MovieViewModel.swift */,
				D1A47B8B282D84B800634FDD /* HomeViewModel.swift */,
				D1A47B8F282DBD5800634FDD /* UserViewModel.swift */,
			);
			path = ViewModel;
			sourceTree = "<group>";
		};
		D1A47B9A2834806D00634FDD /* DetailMovie */ = {
			isa = PBXGroup;
			children = (
				D1A47B9D283480A700634FDD /* Model */,
				D1A47B9C2834809A00634FDD /* View */,
				D1A47B9B2834808300634FDD /* ViewModel */,
			);
			path = DetailMovie;
			sourceTree = "<group>";
		};
		D1A47B9B2834808300634FDD /* ViewModel */ = {
			isa = PBXGroup;
			children = (
				D1A47B932834104600634FDD /* DetailsViewModel.swift */,
			);
			path = ViewModel;
			sourceTree = "<group>";
		};
		D1A47B9C2834809A00634FDD /* View */ = {
			isa = PBXGroup;
			children = (
				D1A47B9E2834F55200634FDD /* BrandCell.swift */,
				D1A47B982834316100634FDD /* MovieDetailViewController.swift */,
			);
			path = View;
			sourceTree = "<group>";
		};
		D1A47B9D283480A700634FDD /* Model */ = {
			isa = PBXGroup;
			children = (
				D1A47B9628342E2600634FDD /* DetailModel.swift */,
			);
			path = Model;
			sourceTree = "<group>";
		};
/* End PBXGroup section */

/* Begin PBXNativeTarget section */
		D1096003282A083E009CCB88 /* theMovieDB */ = {
			isa = PBXNativeTarget;
			buildConfigurationList = D1096018282A0843009CCB88 /* Build configuration list for PBXNativeTarget "theMovieDB" */;
			buildPhases = (
				D1096000282A083E009CCB88 /* Sources */,
				D1096001282A083E009CCB88 /* Frameworks */,
				D1096002282A083E009CCB88 /* Resources */,
			);
			buildRules = (
			);
			dependencies = (
			);
			name = theMovieDB;
			productName = theMovieDB;
			productReference = D1096004282A083E009CCB88 /* theMovieDB.app */;
			productType = "com.apple.product-type.application";
		};
/* End PBXNativeTarget section */

/* Begin PBXProject section */
		D1095FFC282A083E009CCB88 /* Project object */ = {
			isa = PBXProject;
			attributes = {
				BuildIndependentTargetsInParallel = 1;
				LastSwiftUpdateCheck = 1330;
				LastUpgradeCheck = 1330;
				TargetAttributes = {
					D1096003282A083E009CCB88 = {
						CreatedOnToolsVersion = 13.3.1;
					};
				};
			};
			buildConfigurationList = D1095FFF282A083E009CCB88 /* Build configuration list for PBXProject "theMovieDB" */;
			compatibilityVersion = "Xcode 13.0";
			developmentRegion = en;
			hasScannedForEncodings = 0;
			knownRegions = (
				en,
				Base,
			);
			mainGroup = D1095FFB282A083E009CCB88;
			productRefGroup = D1096005282A083E009CCB88 /* Products */;
			projectDirPath = "";
			projectRoot = "";
			targets = (
				D1096003282A083E009CCB88 /* theMovieDB */,
			);
		};
/* End PBXProject section */

/* Begin PBXResourcesBuildPhase section */
		D1096002282A083E009CCB88 /* Resources */ = {
			isa = PBXResourcesBuildPhase;
			buildActionMask = 2147483647;
			files = (
				D1096020282A0A80009CCB88 /* Users.json in Resources */,
				D1096014282A0843009CCB88 /* LaunchScreen.storyboard in Resources */,
				D1096011282A0843009CCB88 /* Assets.xcassets in Resources */,
				D109600F282A083E009CCB88 /* Main.storyboard in Resources */,
			);
			runOnlyForDeploymentPostprocessing = 0;
		};
/* End PBXResourcesBuildPhase section */

/* Begin PBXSourcesBuildPhase section */
		D1096000282A083E009CCB88 /* Sources */ = {
			isa = PBXSourcesBuildPhase;
			buildActionMask = 2147483647;
			files = (
				D1A47B92282DC6B100634FDD /* UserManager.swift in Sources */,
				D1A47B942834104600634FDD /* DetailsViewModel.swift in Sources */,
				D11FB056282CA2D700EB44F1 /* UIView+extension.swift in Sources */,
				D17B9A2D282C400A001ADE5B /* MovieModel.swift in Sources */,
				D1096022282A147B009CCB88 /* LoginViewController.swift in Sources */,
				D11FB058282CB1A700EB44F1 /* MovieCollectionViewCell.swift in Sources */,
				D109602A282A5412009CCB88 /* UserModel.swift in Sources */,
				D109600C282A083E009CCB88 /* HomeViewController.swift in Sources */,
				D1096028282A4E1E009CCB88 /* Client.swift in Sources */,
				D1A47B9F2834F55200634FDD /* BrandCell.swift in Sources */,
				D17B9A2B282C3FEC001ADE5B /* MovieAppManager.swift in Sources */,
				D1A47B88282D74ED00634FDD /* LoginViewModel.swift in Sources */,
				D1A47B8A282D7A2C00634FDD /* MovieViewModel.swift in Sources */,
				D1096024282A4072009CCB88 /* UIViewController+extension.swift in Sources */,
				D1096008282A083E009CCB88 /* AppDelegate.swift in Sources */,
				D1A47B8E282DAF0B00634FDD /* UserProfileViewController.swift in Sources */,
				D11FB05A282CBCE500EB44F1 /* UIImageView+extension.swift in Sources */,
				D1A47B992834316100634FDD /* MovieDetailViewController.swift in Sources */,
				D1A47B9728342E2600634FDD /* DetailModel.swift in Sources */,
				D1A47B90282DBD5800634FDD /* UserViewModel.swift in Sources */,
				D1A47B8C282D84B800634FDD /* HomeViewModel.swift in Sources */,
				D109600A282A083E009CCB88 /* SceneDelegate.swift in Sources */,
			);
			runOnlyForDeploymentPostprocessing = 0;
		};
/* End PBXSourcesBuildPhase section */

/* Begin PBXVariantGroup section */
		D109600D282A083E009CCB88 /* Main.storyboard */ = {
			isa = PBXVariantGroup;
			children = (
				D109600E282A083E009CCB88 /* Base */,
			);
			name = Main.storyboard;
			sourceTree = "<group>";
		};
		D1096012282A0843009CCB88 /* LaunchScreen.storyboard */ = {
			isa = PBXVariantGroup;
			children = (
				D1096013282A0843009CCB88 /* Base */,
			);
			name = LaunchScreen.storyboard;
			sourceTree = "<group>";
		};
/* End PBXVariantGroup section */

/* Begin XCBuildConfiguration section */
		D1096016282A0843009CCB88 /* Debug */ = {
			isa = XCBuildConfiguration;
			buildSettings = {
				ALWAYS_SEARCH_USER_PATHS = NO;
				CLANG_ANALYZER_NONNULL = YES;
				CLANG_ANALYZER_NUMBER_OBJECT_CONVERSION = YES_AGGRESSIVE;
				CLANG_CXX_LANGUAGE_STANDARD = "gnu++17";
				CLANG_ENABLE_MODULES = YES;
				CLANG_ENABLE_OBJC_ARC = YES;
				CLANG_ENABLE_OBJC_WEAK = YES;
				CLANG_WARN_BLOCK_CAPTURE_AUTORELEASING = YES;
				CLANG_WARN_BOOL_CONVERSION = YES;
				CLANG_WARN_COMMA = YES;
				CLANG_WARN_CONSTANT_CONVERSION = YES;
				CLANG_WARN_DEPRECATED_OBJC_IMPLEMENTATIONS = YES;
				CLANG_WARN_DIRECT_OBJC_ISA_USAGE = YES_ERROR;
				CLANG_WARN_DOCUMENTATION_COMMENTS = YES;
				CLANG_WARN_EMPTY_BODY = YES;
				CLANG_WARN_ENUM_CONVERSION = YES;
				CLANG_WARN_INFINITE_RECURSION = YES;
				CLANG_WARN_INT_CONVERSION = YES;
				CLANG_WARN_NON_LITERAL_NULL_CONVERSION = YES;
				CLANG_WARN_OBJC_IMPLICIT_RETAIN_SELF = YES;
				CLANG_WARN_OBJC_LITERAL_CONVERSION = YES;
				CLANG_WARN_OBJC_ROOT_CLASS = YES_ERROR;
				CLANG_WARN_QUOTED_INCLUDE_IN_FRAMEWORK_HEADER = YES;
				CLANG_WARN_RANGE_LOOP_ANALYSIS = YES;
				CLANG_WARN_STRICT_PROTOTYPES = YES;
				CLANG_WARN_SUSPICIOUS_MOVE = YES;
				CLANG_WARN_UNGUARDED_AVAILABILITY = YES_AGGRESSIVE;
				CLANG_WARN_UNREACHABLE_CODE = YES;
				CLANG_WARN__DUPLICATE_METHOD_MATCH = YES;
				COPY_PHASE_STRIP = NO;
				DEBUG_INFORMATION_FORMAT = dwarf;
				ENABLE_STRICT_OBJC_MSGSEND = YES;
				ENABLE_TESTABILITY = YES;
				GCC_C_LANGUAGE_STANDARD = gnu11;
				GCC_DYNAMIC_NO_PIC = NO;
				GCC_NO_COMMON_BLOCKS = YES;
				GCC_OPTIMIZATION_LEVEL = 0;
				GCC_PREPROCESSOR_DEFINITIONS = (
					"DEBUG=1",
					"$(inherited)",
				);
				GCC_WARN_64_TO_32_BIT_CONVERSION = YES;
				GCC_WARN_ABOUT_RETURN_TYPE = YES_ERROR;
				GCC_WARN_UNDECLARED_SELECTOR = YES;
				GCC_WARN_UNINITIALIZED_AUTOS = YES_AGGRESSIVE;
				GCC_WARN_UNUSED_FUNCTION = YES;
				GCC_WARN_UNUSED_VARIABLE = YES;
				IPHONEOS_DEPLOYMENT_TARGET = 15.4;
				MTL_ENABLE_DEBUG_INFO = INCLUDE_SOURCE;
				MTL_FAST_MATH = YES;
				ONLY_ACTIVE_ARCH = YES;
				SDKROOT = iphoneos;
				SWIFT_ACTIVE_COMPILATION_CONDITIONS = DEBUG;
				SWIFT_OPTIMIZATION_LEVEL = "-Onone";
			};
			name = Debug;
		};
		D1096017282A0843009CCB88 /* Release */ = {
			isa = XCBuildConfiguration;
			buildSettings = {
				ALWAYS_SEARCH_USER_PATHS = NO;
				CLANG_ANALYZER_NONNULL = YES;
				CLANG_ANALYZER_NUMBER_OBJECT_CONVERSION = YES_AGGRESSIVE;
				CLANG_CXX_LANGUAGE_STANDARD = "gnu++17";
				CLANG_ENABLE_MODULES = YES;
				CLANG_ENABLE_OBJC_ARC = YES;
				CLANG_ENABLE_OBJC_WEAK = YES;
				CLANG_WARN_BLOCK_CAPTURE_AUTORELEASING = YES;
				CLANG_WARN_BOOL_CONVERSION = YES;
				CLANG_WARN_COMMA = YES;
				CLANG_WARN_CONSTANT_CONVERSION = YES;
				CLANG_WARN_DEPRECATED_OBJC_IMPLEMENTATIONS = YES;
				CLANG_WARN_DIRECT_OBJC_ISA_USAGE = YES_ERROR;
				CLANG_WARN_DOCUMENTATION_COMMENTS = YES;
				CLANG_WARN_EMPTY_BODY = YES;
				CLANG_WARN_ENUM_CONVERSION = YES;
				CLANG_WARN_INFINITE_RECURSION = YES;
				CLANG_WARN_INT_CONVERSION = YES;
				CLANG_WARN_NON_LITERAL_NULL_CONVERSION = YES;
				CLANG_WARN_OBJC_IMPLICIT_RETAIN_SELF = YES;
				CLANG_WARN_OBJC_LITERAL_CONVERSION = YES;
				CLANG_WARN_OBJC_ROOT_CLASS = YES_ERROR;
				CLANG_WARN_QUOTED_INCLUDE_IN_FRAMEWORK_HEADER = YES;
				CLANG_WARN_RANGE_LOOP_ANALYSIS = YES;
				CLANG_WARN_STRICT_PROTOTYPES = YES;
				CLANG_WARN_SUSPICIOUS_MOVE = YES;
				CLANG_WARN_UNGUARDED_AVAILABILITY = YES_AGGRESSIVE;
				CLANG_WARN_UNREACHABLE_CODE = YES;
				CLANG_WARN__DUPLICATE_METHOD_MATCH = YES;
				COPY_PHASE_STRIP = NO;
				DEBUG_INFORMATION_FORMAT = "dwarf-with-dsym";
				ENABLE_NS_ASSERTIONS = NO;
				ENABLE_STRICT_OBJC_MSGSEND = YES;
				GCC_C_LANGUAGE_STANDARD = gnu11;
				GCC_NO_COMMON_BLOCKS = YES;
				GCC_WARN_64_TO_32_BIT_CONVERSION = YES;
				GCC_WARN_ABOUT_RETURN_TYPE = YES_ERROR;
				GCC_WARN_UNDECLARED_SELECTOR = YES;
				GCC_WARN_UNINITIALIZED_AUTOS = YES_AGGRESSIVE;
				GCC_WARN_UNUSED_FUNCTION = YES;
				GCC_WARN_UNUSED_VARIABLE = YES;
				IPHONEOS_DEPLOYMENT_TARGET = 15.4;
				MTL_ENABLE_DEBUG_INFO = NO;
				MTL_FAST_MATH = YES;
				SDKROOT = iphoneos;
				SWIFT_COMPILATION_MODE = wholemodule;
				SWIFT_OPTIMIZATION_LEVEL = "-O";
				VALIDATE_PRODUCT = YES;
			};
			name = Release;
		};
		D1096019282A0843009CCB88 /* Debug */ = {
			isa = XCBuildConfiguration;
			buildSettings = {
				ASSETCATALOG_COMPILER_APPICON_NAME = AppIcon;
				ASSETCATALOG_COMPILER_GLOBAL_ACCENT_COLOR_NAME = AccentColor;
				CODE_SIGN_STYLE = Automatic;
				CURRENT_PROJECT_VERSION = 1;
				DEVELOPMENT_TEAM = 6FC73M3GHS;
				GENERATE_INFOPLIST_FILE = YES;
				INFOPLIST_FILE = theMovieDB/Info.plist;
				INFOPLIST_KEY_UIApplicationSupportsIndirectInputEvents = YES;
				INFOPLIST_KEY_UILaunchStoryboardName = LaunchScreen;
				INFOPLIST_KEY_UIMainStoryboardFile = Main;
				INFOPLIST_KEY_UISupportedInterfaceOrientations = UIInterfaceOrientationPortrait;
				INFOPLIST_KEY_UISupportedInterfaceOrientations_iPad = "UIInterfaceOrientationPortrait UIInterfaceOrientationPortraitUpsideDown UIInterfaceOrientationLandscapeLeft UIInterfaceOrientationLandscapeRight";
				INFOPLIST_KEY_UISupportedInterfaceOrientations_iPhone = "UIInterfaceOrientationPortrait UIInterfaceOrientationLandscapeLeft UIInterfaceOrientationLandscapeRight";
				LD_RUNPATH_SEARCH_PATHS = (
					"$(inherited)",
					"@executable_path/Frameworks",
				);
				MARKETING_VERSION = 1.0;
				PRODUCT_BUNDLE_IDENTIFIER = CarlosMonzalvoN.theMovieDB;
				PRODUCT_NAME = "$(TARGET_NAME)";
				SWIFT_EMIT_LOC_STRINGS = YES;
				SWIFT_VERSION = 5.0;
				TARGETED_DEVICE_FAMILY = 1;
			};
			name = Debug;
		};
		D109601A282A0843009CCB88 /* Release */ = {
			isa = XCBuildConfiguration;
			buildSettings = {
				ASSETCATALOG_COMPILER_APPICON_NAME = AppIcon;
				ASSETCATALOG_COMPILER_GLOBAL_ACCENT_COLOR_NAME = AccentColor;
				CODE_SIGN_STYLE = Automatic;
				CURRENT_PROJECT_VERSION = 1;
				DEVELOPMENT_TEAM = 6FC73M3GHS;
				GENERATE_INFOPLIST_FILE = YES;
				INFOPLIST_FILE = theMovieDB/Info.plist;
				INFOPLIST_KEY_UIApplicationSupportsIndirectInputEvents = YES;
				INFOPLIST_KEY_UILaunchStoryboardName = LaunchScreen;
				INFOPLIST_KEY_UIMainStoryboardFile = Main;
				INFOPLIST_KEY_UISupportedInterfaceOrientations = UIInterfaceOrientationPortrait;
				INFOPLIST_KEY_UISupportedInterfaceOrientations_iPad = "UIInterfaceOrientationPortrait UIInterfaceOrientationPortraitUpsideDown UIInterfaceOrientationLandscapeLeft UIInterfaceOrientationLandscapeRight";
				INFOPLIST_KEY_UISupportedInterfaceOrientations_iPhone = "UIInterfaceOrientationPortrait UIInterfaceOrientationLandscapeLeft UIInterfaceOrientationLandscapeRight";
				LD_RUNPATH_SEARCH_PATHS = (
					"$(inherited)",
					"@executable_path/Frameworks",
				);
				MARKETING_VERSION = 1.0;
				PRODUCT_BUNDLE_IDENTIFIER = CarlosMonzalvoN.theMovieDB;
				PRODUCT_NAME = "$(TARGET_NAME)";
				SWIFT_EMIT_LOC_STRINGS = YES;
				SWIFT_VERSION = 5.0;
				TARGETED_DEVICE_FAMILY = 1;
			};
			name = Release;
		};
/* End XCBuildConfiguration section */

/* Begin XCConfigurationList section */
		D1095FFF282A083E009CCB88 /* Build configuration list for PBXProject "theMovieDB" */ = {
			isa = XCConfigurationList;
			buildConfigurations = (
				D1096016282A0843009CCB88 /* Debug */,
				D1096017282A0843009CCB88 /* Release */,
			);
			defaultConfigurationIsVisible = 0;
			defaultConfigurationName = Release;
		};
		D1096018282A0843009CCB88 /* Build configuration list for PBXNativeTarget "theMovieDB" */ = {
			isa = XCConfigurationList;
			buildConfigurations = (
				D1096019282A0843009CCB88 /* Debug */,
				D109601A282A0843009CCB88 /* Release */,
			);
			defaultConfigurationIsVisible = 0;
			defaultConfigurationName = Release;
		};
/* End XCConfigurationList section */
	};
	rootObject = D1095FFC282A083E009CCB88 /* Project object */;
}
